
Microsoft Visual Studio Solution File, Format Version 12.00
# Visual Studio Version 17
VisualStudioVersion = 17.5.33414.496
MinimumVisualStudioVersion = 10.0.40219.1
Project("{FAE04EC0-301F-11D3-BF4B-00C04F79EFBC}") = "CSharpLogicalProgramming", "CSharpLogicalProgramming.csproj", "{034FFA7E-A0D1-49AC-AC95-96F01CEDE76D}"
EndProject
Global
	GlobalSection(SolutionConfigurationPlatforms) = preSolution
		Debug|Any CPU = Debug|Any CPU
		Release|Any CPU = Release|Any CPU
	EndGlobalSection
	GlobalSection(ProjectConfigurationPlatforms) = postSolution
		{034FFA7E-A0D1-49AC-AC95-96F01CEDE76D}.Debug|Any CPU.ActiveCfg = Debug|Any CPU
		{034FFA7E-A0D1-49AC-AC95-96F01CEDE76D}.Debug|Any CPU.Build.0 = Debug|Any CPU
		{034FFA7E-A0D1-49AC-AC95-96F01CEDE76D}.Release|Any CPU.ActiveCfg = Release|Any CPU
		{034FFA7E-A0D1-49AC-AC95-96F01CEDE76D}.Release|Any CPU.Build.0 = Release|Any CPU
	EndGlobalSection
	GlobalSection(SolutionProperties) = preSolution
		HideSolutionNode = FALSE
	EndGlobalSection
	GlobalSection(ExtensibilityGlobals) = postSolution
		SolutionGuid = {63575FC7-429E-437A-A306-7DE9C45F91CB}
	EndGlobalSection
EndGlobal
